
Microsoft Visual Studio Solution File, Format Version 12.00
# Visual Studio Version 16
VisualStudioVersion = 16.0.31105.61
MinimumVisualStudioVersion = 10.0.40219.1
Project("{FAE04EC0-301F-11D3-BF4B-00C04F79EFBC}") = "RM_API", "RM_API\RM_API.csproj", "{CBC534B1-06F3-4BB6-B919-742AE42B401A}"
EndProject
Global
	GlobalSection(SolutionConfigurationPlatforms) = preSolution
		Debug|Any CPU = Debug|Any CPU
		Release|Any CPU = Release|Any CPU
	EndGlobalSection
	GlobalSection(ProjectConfigurationPlatforms) = postSolution
		{CBC534B1-06F3-4BB6-B919-742AE42B401A}.Debug|Any CPU.ActiveCfg = Debug|Any CPU
		{CBC534B1-06F3-4BB6-B919-742AE42B401A}.Debug|Any CPU.Build.0 = Debug|Any CPU
		{CBC534B1-06F3-4BB6-B919-742AE42B401A}.Release|Any CPU.ActiveCfg = Release|Any CPU
		{CBC534B1-06F3-4BB6-B919-742AE42B401A}.Release|Any CPU.Build.0 = Release|Any CPU
	EndGlobalSection
	GlobalSection(SolutionProperties) = preSolution
		HideSolutionNode = FALSE
	EndGlobalSection
	GlobalSection(ExtensibilityGlobals) = postSolution
		SolutionGuid = {8BB4CAF1-AD5A-4265-A1B5-A3AE1339112F}
	EndGlobalSection
EndGlobal
